
Microsoft Visual Studio Solution File, Format Version 12.00
# Visual Studio 2012
Project("{f2a71f9b-5d33-465a-a702-920d77279786}") = "MacCode6", "MacCode6.fsproj", "{E475ADA3-3EAB-478A-821E-DDB57B1B3E94}"
EndProject
Global
	GlobalSection(SolutionConfigurationPlatforms) = preSolution
		Debug|x86 = Debug|x86
		Release|x86 = Release|x86
	EndGlobalSection
	GlobalSection(ProjectConfigurationPlatforms) = postSolution
		{E475ADA3-3EAB-478A-821E-DDB57B1B3E94}.Debug|x86.ActiveCfg = Debug|x86
		{E475ADA3-3EAB-478A-821E-DDB57B1B3E94}.Debug|x86.Build.0 = Debug|x86
		{E475ADA3-3EAB-478A-821E-DDB57B1B3E94}.Release|x86.ActiveCfg = Release|x86
		{E475ADA3-3EAB-478A-821E-DDB57B1B3E94}.Release|x86.Build.0 = Release|x86
	EndGlobalSection
EndGlobal
